// !$*UTF8*$!
{
	archiveVersion = 1;
	classes = {
	};
	objectVersion = 46;
	objects = {

/* Begin PBXBuildFile section */
		7665CB6F1B86BD0200229B33 /* main.m in Sources */ = {isa = PBXBuildFile; fileRef = 7665CB6E1B86BD0200229B33 /* main.m */; };
		7665CB721B86BD0200229B33 /* AppDelegate.m in Sources */ = {isa = PBXBuildFile; fileRef = 7665CB711B86BD0200229B33 /* AppDelegate.m */; };
		7665CB751B86BD0200229B33 /* ViewController.m in Sources */ = {isa = PBXBuildFile; fileRef = 7665CB741B86BD0200229B33 /* ViewController.m */; };
		7665CB781B86BD0200229B33 /* Main.storyboard in Resources */ = {isa = PBXBuildFile; fileRef = 7665CB761B86BD0200229B33 /* Main.storyboard */; };
		7665CB7A1B86BD0200229B33 /* Images.xcassets in Resources */ = {isa = PBXBuildFile; fileRef = 7665CB791B86BD0200229B33 /* Images.xcassets */; };
		7665CB7D1B86BD0200229B33 /* LaunchScreen.xib in Resources */ = {isa = PBXBuildFile; fileRef = 7665CB7B1B86BD0200229B33 /* LaunchScreen.xib */; };
		7665CB891B86BD0300229B33 /* HelloWorldTests.m in Sources */ = {isa = PBXBuildFile; fileRef = 7665CB881B86BD0300229B33 /* HelloWorldTests.m */; };
/* End PBXBuildFile section */

/* Begin PBXContainerItemProxy section */
		7665CB831B86BD0200229B33 /* PBXContainerItemProxy */ = {
			isa = PBXContainerItemProxy;
			containerPortal = 7665CB611B86BD0200229B33 /* Project object */;
			proxyType = 1;
			remoteGlobalIDString = 7665CB681B86BD0200229B33;
			remoteInfo = HelloWorld;
		};
/* End PBXContainerItemProxy section */

/* Begin PBXFileReference section */
		7665CB691B86BD0200229B33 /* HelloWorld.app */ = {isa = PBXFileReference; explicitFileType = wrapper.application; includeInIndex = 0; path = HelloWorld.app; sourceTree = BUILT_PRODUCTS_DIR; };
		7665CB6D1B86BD0200229B33 /* Info.plist */ = {isa = PBXFileReference; lastKnownFileType = text.plist.xml; path = Info.plist; sourceTree = "<group>"; };
		7665CB6E1B86BD0200229B33 /* main.m */ = {isa = PBXFileReference; lastKnownFileType = sourcecode.c.objc; path = main.m; sourceTree = "<group>"; };
		7665CB701B86BD0200229B33 /* AppDelegate.h */ = {isa = PBXFileReference; lastKnownFileType = sourcecode.c.h; path = AppDelegate.h; sourceTree = "<group>"; };
		7665CB711B86BD0200229B33 /* AppDelegate.m */ = {isa = PBXFileReference; lastKnownFileType = sourcecode.c.objc; path = AppDelegate.m; sourceTree = "<group>"; };
		7665CB731B86BD0200229B33 /* ViewController.h */ = {isa = PBXFileReference; lastKnownFileType = sourcecode.c.h; path = ViewController.h; sourceTree = "<group>"; };
		7665CB741B86BD0200229B33 /* ViewController.m */ = {isa = PBXFileReference; lastKnownFileType = sourcecode.c.objc; path = ViewController.m; sourceTree = "<group>"; };
		7665CB771B86BD0200229B33 /* Base */ = {isa = PBXFileReference; lastKnownFileType = file.storyboard; name = Base; path = Base.lproj/Main.storyboard; sourceTree = "<group>"; };
		7665CB791B86BD0200229B33 /* Images.xcassets */ = {isa = PBXFileReference; lastKnownFileType = folder.assetcatalog; path = Images.xcassets; sourceTree = "<group>"; };
		7665CB7C1B86BD0200229B33 /* Base */ = {isa = PBXFileReference; lastKnownFileType = file.xib; name = Base; path = Base.lproj/LaunchScreen.xib; sourceTree = "<group>"; };
		7665CB821B86BD0200229B33 /* HelloWorldTests.xctest */ = {isa = PBXFileReference; explicitFileType = wrapper.cfbundle; includeInIndex = 0; path = HelloWorldTests.xctest; sourceTree = BUILT_PRODUCTS_DIR; };
		7665CB871B86BD0300229B33 /* Info.plist */ = {isa = PBXFileReference; lastKnownFileType = text.plist.xml; path = Info.plist; sourceTree = "<group>"; };
		7665CB881B86BD0300229B33 /* HelloWorldTests.m */ = {isa = PBXFileReference; lastKnownFileType = sourcecode.c.objc; path = HelloWorldTests.m; sourceTree = "<group>"; };
/* End PBXFileReference section */

/* Begin PBXFrameworksBuildPhase section */
		7665CB661B86BD0200229B33 /* Frameworks */ = {
			isa = PBXFrameworksBuildPhase;
			buildActionMask = 2147483647;
			files = (
			);
			runOnlyForDeploymentPostprocessing = 0;
		};
		7665CB7F1B86BD0200229B33 /* Frameworks */ = {
			isa = PBXFrameworksBuildPhase;
			buildActionMask = 2147483647;
			files = (
			);
			runOnlyForDeploymentPostprocessing = 0;
		};
/* End PBXFrameworksBuildPhase section */

/* Begin PBXGroup section */
		7665CB601B86BD0200229B33 = {
			isa = PBXGroup;
			children = (
				7665CB6B1B86BD0200229B33 /* HelloWorld */,
				7665CB851B86BD0200229B33 /* HelloWorldTests */,
				7665CB6A1B86BD0200229B33 /* Products */,
			);
			sourceTree = "<group>";
		};
		7665CB6A1B86BD0200229B33 /* Products */ = {
			isa = PBXGroup;
			children = (
				7665CB691B86BD0200229B33 /* HelloWorld.app */,
				7665CB821B86BD0200229B33 /* HelloWorldTests.xctest */,
			);
			name = Products;
			sourceTree = "<group>";
		};
		7665CB6B1B86BD0200229B33 /* HelloWorld */ = {
			isa = PBXGroup;
			children = (
				7665CB701B86BD0200229B33 /* AppDelegate.h */,
				7665CB711B86BD0200229B33 /* AppDelegate.m */,
				7665CB731B86BD0200229B33 /* ViewController.h */,
				7665CB741B86BD0200229B33 /* ViewController.m */,
				7665CB761B86BD0200229B33 /* Main.storyboard */,
				7665CB791B86BD0200229B33 /* Images.xcassets */,
				7665CB7B1B86BD0200229B33 /* LaunchScreen.xib */,
				7665CB6C1B86BD0200229B33 /* Supporting Files */,
			);
			path = HelloWorld;
			sourceTree = "<group>";
		};
		7665CB6C1B86BD0200229B33 /* Supporting Files */ = {
			isa = PBXGroup;
			children = (
				7665CB6D1B86BD0200229B33 /* Info.plist */,
				7665CB6E1B86BD0200229B33 /* main.m */,
			);
			name = "Supporting Files";
			sourceTree = "<group>";
		};
		7665CB851B86BD0200229B33 /* HelloWorldTests */ = {
			isa = PBXGroup;
			children = (
				7665CB881B86BD0300229B33 /* HelloWorldTests.m */,
				7665CB861B86BD0300229B33 /* Supporting Files */,
			);
			path = HelloWorldTests;
			sourceTree = "<group>";
		};
		7665CB861B86BD0300229B33 /* Supporting Files */ = {
			isa = PBXGroup;
			children = (
				7665CB871B86BD0300229B33 /* Info.plist */,
			);
			name = "Supporting Files";
			sourceTree = "<group>";
		};
/* End PBXGroup section */

/* Begin PBXNativeTarget section */
		7665CB681B86BD0200229B33 /* HelloWorld */ = {
			isa = PBXNativeTarget;
			buildConfigurationList = 7665CB8C1B86BD0300229B33 /* Build configuration list for PBXNativeTarget "HelloWorld" */;
			buildPhases = (
				7665CB651B86BD0200229B33 /* Sources */,
				7665CB661B86BD0200229B33 /* Frameworks */,
				7665CB671B86BD0200229B33 /* Resources */,
			);
			buildRules = (
			);
			dependencies = (
			);
			name = HelloWorld;
			productName = HelloWorld;
			productReference = 7665CB691B86BD0200229B33 /* HelloWorld.app */;
			productType = "com.apple.product-type.application";
		};
		7665CB811B86BD0200229B33 /* HelloWorldTests */ = {
			isa = PBXNativeTarget;
			buildConfigurationList = 7665CB8F1B86BD0300229B33 /* Build configuration list for PBXNativeTarget "HelloWorldTests" */;
			buildPhases = (
				7665CB7E1B86BD0200229B33 /* Sources */,
				7665CB7F1B86BD0200229B33 /* Frameworks */,
				7665CB801B86BD0200229B33 /* Resources */,
			);
			buildRules = (
			);
			dependencies = (
				7665CB841B86BD0200229B33 /* PBXTargetDependency */,
			);
			name = HelloWorldTests;
			productName = HelloWorldTests;
			productReference = 7665CB821B86BD0200229B33 /* HelloWorldTests.xctest */;
			productType = "com.apple.product-type.bundle.unit-test";
		};
/* End PBXNativeTarget section */

/* Begin PBXProject section */
		7665CB611B86BD0200229B33 /* Project object */ = {
			isa = PBXProject;
			attributes = {
				LastUpgradeCheck = 0640;
				ORGANIZATIONNAME = Computer;
				TargetAttributes = {
					7665CB681B86BD0200229B33 = {
						CreatedOnToolsVersion = 6.4;
					};
					7665CB811B86BD0200229B33 = {
						CreatedOnToolsVersion = 6.4;
						TestTargetID = 7665CB681B86BD0200229B33;
					};
				};
			};
			buildConfigurationList = 7665CB641B86BD0200229B33 /* Build configuration list for PBXProject "HelloWorld" */;
			compatibilityVersion = "Xcode 3.2";
			developmentRegion = English;
			hasScannedForEncodings = 0;
			knownRegions = (
				en,
				Base,
			);
			mainGroup = 7665CB601B86BD0200229B33;
			productRefGroup = 7665CB6A1B86BD0200229B33 /* Products */;
			projectDirPath = "";
			projectRoot = "";
			targets = (
				7665CB681B86BD0200229B33 /* HelloWorld */,
				7665CB811B86BD0200229B33 /* HelloWorldTests */,
			);
		};
/* End PBXProject section */

/* Begin PBXResourcesBuildPhase section */
		7665CB671B86BD0200229B33 /* Resources */ = {
			isa = PBXResourcesBuildPhase;
			buildActionMask = 2147483647;
			files = (
				7665CB781B86BD0200229B33 /* Main.storyboard in Resources */,
				7665CB7D1B86BD0200229B33 /* LaunchScreen.xib in Resources */,
				7665CB7A1B86BD0200229B33 /* Images.xcassets in Resources */,
			);
			runOnlyForDeploymentPostprocessing = 0;
		};
		7665CB801B86BD0200229B33 /* Resources */ = {
			isa = PBXResourcesBuildPhase;
			buildActionMask = 2147483647;
			files = (
			);
			runOnlyForDeploymentPostprocessing = 0;
		};
/* End PBXResourcesBuildPhase section */

/* Begin PBXSourcesBuildPhase section */
		7665CB651B86BD0200229B33 /* Sources */ = {
			isa = PBXSourcesBuildPhase;
			buildActionMask = 2147483647;
			files = (
				7665CB751B86BD0200229B33 /* ViewController.m in Sources */,
				7665CB721B86BD0200229B33 /* AppDelegate.m in Sources */,
				7665CB6F1B86BD0200229B33 /* main.m in Sources */,
			);
			runOnlyForDeploymentPostprocessing = 0;
		};
		7665CB7E1B86BD0200229B33 /* Sources */ = {
			isa = PBXSourcesBuildPhase;
			buildActionMask = 2147483647;
			files = (
				7665CB891B86BD0300229B33 /* HelloWorldTests.m in Sources */,
			);
			runOnlyForDeploymentPostprocessing = 0;
		};
/* End PBXSourcesBuildPhase section */

/* Begin PBXTargetDependency section */
		7665CB841B86BD0200229B33 /* PBXTargetDependency */ = {
			isa = PBXTargetDependency;
			target = 7665CB681B86BD0200229B33 /* HelloWorld */;
			targetProxy = 7665CB831B86BD0200229B33 /* PBXContainerItemProxy */;
		};
/* End PBXTargetDependency section */

/* Begin PBXVariantGroup section */
		7665CB761B86BD0200229B33 /* Main.storyboard */ = {
			isa = PBXVariantGroup;
			children = (
				7665CB771B86BD0200229B33 /* Base */,
			);
			name = Main.storyboard;
			sourceTree = "<group>";
		};
		7665CB7B1B86BD0200229B33 /* LaunchScreen.xib */ = {
			isa = PBXVariantGroup;
			children = (
				7665CB7C1B86BD0200229B33 /* Base */,
			);
			name = LaunchScreen.xib;
			sourceTree = "<group>";
		};
/* End PBXVariantGroup section */

/* Begin XCBuildConfiguration section */
		7665CB8A1B86BD0300229B33 /* Debug */ = {
			isa = XCBuildConfiguration;
			buildSettings = {
				ALWAYS_SEARCH_USER_PATHS = NO;
				CLANG_CXX_LANGUAGE_STANDARD = "gnu++0x";
				CLANG_CXX_LIBRARY = "libc++";
				CLANG_ENABLE_MODULES = YES;
				CLANG_ENABLE_OBJC_ARC = YES;
				CLANG_WARN_BOOL_CONVERSION = YES;
				CLANG_WARN_CONSTANT_CONVERSION = YES;
				CLANG_WARN_DIRECT_OBJC_ISA_USAGE = YES_ERROR;
				CLANG_WARN_EMPTY_BODY = YES;
				CLANG_WARN_ENUM_CONVERSION = YES;
				CLANG_WARN_INT_CONVERSION = YES;
				CLANG_WARN_OBJC_ROOT_CLASS = YES_ERROR;
				CLANG_WARN_UNREACHABLE_CODE = YES;
				CLANG_WARN__DUPLICATE_METHOD_MATCH = YES;
				"CODE_SIGN_IDENTITY[sdk=iphoneos*]" = "iPhone Developer";
				COPY_PHASE_STRIP = NO;
				DEBUG_INFORMATION_FORMAT = "dwarf-with-dsym";
				ENABLE_STRICT_OBJC_MSGSEND = YES;
				GCC_C_LANGUAGE_STANDARD = gnu99;
				GCC_DYNAMIC_NO_PIC = NO;
				GCC_NO_COMMON_BLOCKS = YES;
				GCC_OPTIMIZATION_LEVEL = 0;
				GCC_PREPROCESSOR_DEFINITIONS = (
					"DEBUG=1",
					"$(inherited)",
				);
				GCC_SYMBOLS_PRIVATE_EXTERN = NO;
				GCC_WARN_64_TO_32_BIT_CONVERSION = YES;
				GCC_WARN_ABOUT_RETURN_TYPE = YES_ERROR;
				GCC_WARN_UNDECLARED_SELECTOR = YES;
				GCC_WARN_UNINITIALIZED_AUTOS = YES_AGGRESSIVE;
				GCC_WARN_UNUSED_FUNCTION = YES;
				GCC_WARN_UNUSED_VARIABLE = YES;
				IPHONEOS_DEPLOYMENT_TARGET = 8.4;
				MTL_ENABLE_DEBUG_INFO = YES;
				ONLY_ACTIVE_ARCH = YES;
				SDKROOT = iphoneos;
			};
			name = Debug;
		};
		7665CB8B1B86BD0300229B33 /* Release */ = {
			isa = XCBuildConfiguration;
			buildSettings = {
				ALWAYS_SEARCH_USER_PATHS = NO;
				CLANG_CXX_LANGUAGE_STANDARD = "gnu++0x";
				CLANG_CXX_LIBRARY = "libc++";
				CLANG_ENABLE_MODULES = YES;
				CLANG_ENABLE_OBJC_ARC = YES;
				CLANG_WARN_BOOL_CONVERSION = YES;
				CLANG_WARN_CONSTANT_CONVERSION = YES;
				CLANG_WARN_DIRECT_OBJC_ISA_USAGE = YES_ERROR;
				CLANG_WARN_EMPTY_BODY = YES;
				CLANG_WARN_ENUM_CONVERSION = YES;
				CLANG_WARN_INT_CONVERSION = YES;
				CLANG_WARN_OBJC_ROOT_CLASS = YES_ERROR;
				CLANG_WARN_UNREACHABLE_CODE = YES;
				CLANG_WARN__DUPLICATE_METHOD_MATCH = YES;
				"CODE_SIGN_IDENTITY[sdk=iphoneos*]" = "iPhone Developer";
				COPY_PHASE_STRIP = NO;
				DEBUG_INFORMATION_FORMAT = "dwarf-with-dsym";
				ENABLE_NS_ASSERTIONS = NO;
				ENABLE_STRICT_OBJC_MSGSEND = YES;
				GCC_C_LANGUAGE_STANDARD = gnu99;
				GCC_NO_COMMON_BLOCKS = YES;
				GCC_WARN_64_TO_32_BIT_CONVERSION = YES;
				GCC_WARN_ABOUT_RETURN_TYPE = YES_ERROR;
				GCC_WARN_UNDECLARED_SELECTOR = YES;
				GCC_WARN_UNINITIALIZED_AUTOS = YES_AGGRESSIVE;
				GCC_WARN_UNUSED_FUNCTION = YES;
				GCC_WARN_UNUSED_VARIABLE = YES;
				IPHONEOS_DEPLOYMENT_TARGET = 8.4;
				MTL_ENABLE_DEBUG_INFO = NO;
				SDKROOT = iphoneos;
				VALIDATE_PRODUCT = YES;
			};
			name = Release;
		};
		7665CB8D1B86BD0300229B33 /* Debug */ = {
			isa = XCBuildConfiguration;
			buildSettings = {
				ASSETCATALOG_COMPILER_APPICON_NAME = AppIcon;
				INFOPLIST_FILE = HelloWorld/Info.plist;
				LD_RUNPATH_SEARCH_PATHS = "$(inherited) @executable_path/Frameworks";
				PRODUCT_NAME = "$(TARGET_NAME)";
			};
			name = Debug;
		};
		7665CB8E1B86BD0300229B33 /* Release */ = {
			isa = XCBuildConfiguration;
			buildSettings = {
				ASSETCATALOG_COMPILER_APPICON_NAME = AppIcon;
				INFOPLIST_FILE = HelloWorld/Info.plist;
				LD_RUNPATH_SEARCH_PATHS = "$(inherited) @executable_path/Frameworks";
				PRODUCT_NAME = "$(TARGET_NAME)";
			};
			name = Release;
		};
		7665CB901B86BD0300229B33 /* Debug */ = {
			isa = XCBuildConfiguration;
			buildSettings = {
				BUNDLE_LOADER = "$(TEST_HOST)";
				FRAMEWORK_SEARCH_PATHS = (
					"$(SDKROOT)/Developer/Library/Frameworks",
					"$(inherited)",
				);
				GCC_PREPROCESSOR_DEFINITIONS = (
					"DEBUG=1",
					"$(inherited)",
				);
				INFOPLIST_FILE = HelloWorldTests/Info.plist;
				LD_RUNPATH_SEARCH_PATHS = "$(inherited) @executable_path/Frameworks @loader_path/Frameworks";
				PRODUCT_NAME = "$(TARGET_NAME)";
				TEST_HOST = "$(BUILT_PRODUCTS_DIR)/HelloWorld.app/HelloWorld";
			};
			name = Debug;
		};
		7665CB911B86BD0300229B33 /* Release */ = {
			isa = XCBuildConfiguration;
			buildSettings = {
				BUNDLE_LOADER = "$(TEST_HOST)";
				FRAMEWORK_SEARCH_PATHS = (
					"$(SDKROOT)/Developer/Library/Frameworks",
					"$(inherited)",
				);
				INFOPLIST_FILE = HelloWorldTests/Info.plist;
				LD_RUNPATH_SEARCH_PATHS = "$(inherited) @executable_path/Frameworks @loader_path/Frameworks";
				PRODUCT_NAME = "$(TARGET_NAME)";
				TEST_HOST = "$(BUILT_PRODUCTS_DIR)/HelloWorld.app/HelloWorld";
			};
			name = Release;
		};
/* End XCBuildConfiguration section */

/* Begin XCConfigurationList section */
		7665CB641B86BD0200229B33 /* Build configuration list for PBXProject "HelloWorld" */ = {
			isa = XCConfigurationList;
			buildConfigurations = (
				7665CB8A1B86BD0300229B33 /* Debug */,
				7665CB8B1B86BD0300229B33 /* Release */,
			);
			defaultConfigurationIsVisible = 0;
			defaultConfigurationName = Release;
		};
		7665CB8C1B86BD0300229B33 /* Build configuration list for PBXNativeTarget "HelloWorld" */ = {
			isa = XCConfigurationList;
			buildConfigurations = (
				7665CB8D1B86BD0300229B33 /* Debug */,
				7665CB8E1B86BD0300229B33 /* Release */,
			);
			defaultConfigurationIsVisible = 0;
		};
		7665CB8F1B86BD0300229B33 /* Build configuration list for PBXNativeTarget "HelloWorldTests" */ = {
			isa = XCConfigurationList;
			buildConfigurations = (
				7665CB901B86BD0300229B33 /* Debug */,
				7665CB911B86BD0300229B33 /* Release */,
			);
			defaultConfigurationIsVisible = 0;
		};
/* End XCConfigurationList section */
	};
	rootObject = 7665CB611B86BD0200229B33 /* Project object */;
}
